
Microsoft Visual Studio Solution File, Format Version 12.00
# Visual Studio Version 17
VisualStudioVersion = 17.10.35013.160
MinimumVisualStudioVersion = 10.0.40219.1
Project("{FAE04EC0-301F-11D3-BF4B-00C04F79EFBC}") = "RepositoryPattern", "RepositoryPattern\RepositoryPattern.csproj", "{560566BA-AE0A-4DCA-AA57-5D5E05BED9B1}"
EndProject
Global
	GlobalSection(SolutionConfigurationPlatforms) = preSolution
		Debug|Any CPU = Debug|Any CPU
		Release|Any CPU = Release|Any CPU
	EndGlobalSection
	GlobalSection(ProjectConfigurationPlatforms) = postSolution
		{560566BA-AE0A-4DCA-AA57-5D5E05BED9B1}.Debug|Any CPU.ActiveCfg = Debug|Any CPU
		{560566BA-AE0A-4DCA-AA57-5D5E05BED9B1}.Debug|Any CPU.Build.0 = Debug|Any CPU
		{560566BA-AE0A-4DCA-AA57-5D5E05BED9B1}.Release|Any CPU.ActiveCfg = Release|Any CPU
		{560566BA-AE0A-4DCA-AA57-5D5E05BED9B1}.Release|Any CPU.Build.0 = Release|Any CPU
	EndGlobalSection
	GlobalSection(SolutionProperties) = preSolution
		HideSolutionNode = FALSE
	EndGlobalSection
	GlobalSection(ExtensibilityGlobals) = postSolution
		SolutionGuid = {F97D31B9-35D7-4D4F-9A9E-CF0D1F4F98D1}
	EndGlobalSection
EndGlobal
